
Microsoft Visual Studio Solution File, Format Version 12.00
# Visual Studio Version 16
VisualStudioVersion = 16.0.31410.357
MinimumVisualStudioVersion = 10.0.40219.1
Project("{9A19103F-16F7-4668-BE54-9A1E7A4F7556}") = "RecipiesFounder", "RecipiesFounder.csproj", "{88533F61-04F3-4B24-A688-01EF698EFE12}"
EndProject
Project("{9A19103F-16F7-4668-BE54-9A1E7A4F7556}") = "RecipesFounder.AplicationLogic.Repository", "..\RecipesFounder.AplicationLogic.Repository\RecipesFounder.AplicationLogic.Repository.csproj", "{A42EA951-DC8E-4D9D-8C84-0BF939370667}"
EndProject
Project("{9A19103F-16F7-4668-BE54-9A1E7A4F7556}") = "RecipesFounder.AplicationLogic.Service", "..\RecipesFounder.AplicationLogic.Service\RecipesFounder.AplicationLogic.Service.csproj", "{917F514B-8519-4D8F-BC4E-A99A7AFFAA5E}"
EndProject
Project("{FAE04EC0-301F-11D3-BF4B-00C04F79EFBC}") = "RecipesFounder.DataAccessLayer.Domain", "..\RecipesFounder.DataAccessLayer.Domain\RecipesFounder.DataAccessLayer.Domain.csproj", "{5F91AF8F-9D5C-4663-B99D-506C789121C8}"
EndProject
Project("{FAE04EC0-301F-11D3-BF4B-00C04F79EFBC}") = "RecipesFounder.DataAccessLayer.Repository", "..\RecipesFounder.DataAccessLayer.Repository\RecipesFounder.DataAccessLayer.Repository.csproj", "{629FD164-8339-4CFD-B923-BE9280BB0B55}"
EndProject
Global
	GlobalSection(SolutionConfigurationPlatforms) = preSolution
		Debug|Any CPU = Debug|Any CPU
		Release|Any CPU = Release|Any CPU
	EndGlobalSection
	GlobalSection(ProjectConfigurationPlatforms) = postSolution
		{88533F61-04F3-4B24-A688-01EF698EFE12}.Debug|Any CPU.ActiveCfg = Debug|Any CPU
		{88533F61-04F3-4B24-A688-01EF698EFE12}.Debug|Any CPU.Build.0 = Debug|Any CPU
		{88533F61-04F3-4B24-A688-01EF698EFE12}.Release|Any CPU.ActiveCfg = Release|Any CPU
		{88533F61-04F3-4B24-A688-01EF698EFE12}.Release|Any CPU.Build.0 = Release|Any CPU
		{A42EA951-DC8E-4D9D-8C84-0BF939370667}.Debug|Any CPU.ActiveCfg = Debug|Any CPU
		{A42EA951-DC8E-4D9D-8C84-0BF939370667}.Debug|Any CPU.Build.0 = Debug|Any CPU
		{A42EA951-DC8E-4D9D-8C84-0BF939370667}.Release|Any CPU.ActiveCfg = Release|Any CPU
		{A42EA951-DC8E-4D9D-8C84-0BF939370667}.Release|Any CPU.Build.0 = Release|Any CPU
		{917F514B-8519-4D8F-BC4E-A99A7AFFAA5E}.Debug|Any CPU.ActiveCfg = Debug|Any CPU
		{917F514B-8519-4D8F-BC4E-A99A7AFFAA5E}.Debug|Any CPU.Build.0 = Debug|Any CPU
		{917F514B-8519-4D8F-BC4E-A99A7AFFAA5E}.Release|Any CPU.ActiveCfg = Release|Any CPU
		{917F514B-8519-4D8F-BC4E-A99A7AFFAA5E}.Release|Any CPU.Build.0 = Release|Any CPU
		{5F91AF8F-9D5C-4663-B99D-506C789121C8}.Debug|Any CPU.ActiveCfg = Debug|Any CPU
		{5F91AF8F-9D5C-4663-B99D-506C789121C8}.Debug|Any CPU.Build.0 = Debug|Any CPU
		{5F91AF8F-9D5C-4663-B99D-506C789121C8}.Release|Any CPU.ActiveCfg = Release|Any CPU
		{5F91AF8F-9D5C-4663-B99D-506C789121C8}.Release|Any CPU.Build.0 = Release|Any CPU
		{629FD164-8339-4CFD-B923-BE9280BB0B55}.Debug|Any CPU.ActiveCfg = Debug|Any CPU
		{629FD164-8339-4CFD-B923-BE9280BB0B55}.Debug|Any CPU.Build.0 = Debug|Any CPU
		{629FD164-8339-4CFD-B923-BE9280BB0B55}.Release|Any CPU.ActiveCfg = Release|Any CPU
		{629FD164-8339-4CFD-B923-BE9280BB0B55}.Release|Any CPU.Build.0 = Release|Any CPU
	EndGlobalSection
	GlobalSection(SolutionProperties) = preSolution
		HideSolutionNode = FALSE
	EndGlobalSection
	GlobalSection(ExtensibilityGlobals) = postSolution
		SolutionGuid = {6D4E599F-5CF7-474F-A6EF-63828134C263}
	EndGlobalSection
EndGlobal
